
Microsoft Visual Studio Solution File, Format Version 12.00
# Visual Studio Version 17
VisualStudioVersion = 17.7.34221.43
MinimumVisualStudioVersion = 10.0.40219.1
Project("{8BC9CEB8-8B4A-11D0-8D11-00A0C91BC942}") = "Test_15_03_24", "Test_15_03_24\Test_15_03_24.vcxproj", "{EEA6F203-4561-44BC-A341-A51B7DDD4E0D}"
EndProject
Global
	GlobalSection(SolutionConfigurationPlatforms) = preSolution
		Debug|x64 = Debug|x64
		Debug|x86 = Debug|x86
		Release|x64 = Release|x64
		Release|x86 = Release|x86
	EndGlobalSection
	GlobalSection(ProjectConfigurationPlatforms) = postSolution
		{EEA6F203-4561-44BC-A341-A51B7DDD4E0D}.Debug|x64.ActiveCfg = Debug|x64
		{EEA6F203-4561-44BC-A341-A51B7DDD4E0D}.Debug|x64.Build.0 = Debug|x64
		{EEA6F203-4561-44BC-A341-A51B7DDD4E0D}.Debug|x86.ActiveCfg = Debug|Win32
		{EEA6F203-4561-44BC-A341-A51B7DDD4E0D}.Debug|x86.Build.0 = Debug|Win32
		{EEA6F203-4561-44BC-A341-A51B7DDD4E0D}.Release|x64.ActiveCfg = Release|x64
		{EEA6F203-4561-44BC-A341-A51B7DDD4E0D}.Release|x64.Build.0 = Release|x64
		{EEA6F203-4561-44BC-A341-A51B7DDD4E0D}.Release|x86.ActiveCfg = Release|Win32
		{EEA6F203-4561-44BC-A341-A51B7DDD4E0D}.Release|x86.Build.0 = Release|Win32
	EndGlobalSection
	GlobalSection(SolutionProperties) = preSolution
		HideSolutionNode = FALSE
	EndGlobalSection
	GlobalSection(ExtensibilityGlobals) = postSolution
		SolutionGuid = {51D46601-260A-4724-AA48-8D9AC89C903B}
	EndGlobalSection
EndGlobal
